
Microsoft Visual Studio Solution File, Format Version 12.00
# Visual Studio Version 17
VisualStudioVersion = 17.2.32602.215
MinimumVisualStudioVersion = 10.0.40219.1
Project("{9A19103F-16F7-4668-BE54-9A1E7A4F7556}") = "CustomerPro", "Sparky\CustomerPro.csproj", "{743FD82A-7D98-43DF-9BF6-AC46C46EBED9}"
EndProject
Project("{9A19103F-16F7-4668-BE54-9A1E7A4F7556}") = "CustomerMsTest", "SparkyMsTest\CustomerMsTest.csproj", "{33EBF45A-9ADF-47BB-A2A1-5F9D214ECBEC}"
EndProject
Project("{9A19103F-16F7-4668-BE54-9A1E7A4F7556}") = "CustomerNUnitTests", "SparkyNUnitTests\CustomerNUnitTests.csproj", "{E6A0F59F-A6C8-4BFF-880C-38235B3DB5E6}"
EndProject
Global
	GlobalSection(SolutionConfigurationPlatforms) = preSolution
		Debug|Any CPU = Debug|Any CPU
		Release|Any CPU = Release|Any CPU
	EndGlobalSection
	GlobalSection(ProjectConfigurationPlatforms) = postSolution
		{743FD82A-7D98-43DF-9BF6-AC46C46EBED9}.Debug|Any CPU.ActiveCfg = Debug|Any CPU
		{743FD82A-7D98-43DF-9BF6-AC46C46EBED9}.Debug|Any CPU.Build.0 = Debug|Any CPU
		{743FD82A-7D98-43DF-9BF6-AC46C46EBED9}.Release|Any CPU.ActiveCfg = Release|Any CPU
		{743FD82A-7D98-43DF-9BF6-AC46C46EBED9}.Release|Any CPU.Build.0 = Release|Any CPU
		{33EBF45A-9ADF-47BB-A2A1-5F9D214ECBEC}.Debug|Any CPU.ActiveCfg = Debug|Any CPU
		{33EBF45A-9ADF-47BB-A2A1-5F9D214ECBEC}.Debug|Any CPU.Build.0 = Debug|Any CPU
		{33EBF45A-9ADF-47BB-A2A1-5F9D214ECBEC}.Release|Any CPU.ActiveCfg = Release|Any CPU
		{33EBF45A-9ADF-47BB-A2A1-5F9D214ECBEC}.Release|Any CPU.Build.0 = Release|Any CPU
		{E6A0F59F-A6C8-4BFF-880C-38235B3DB5E6}.Debug|Any CPU.ActiveCfg = Debug|Any CPU
		{E6A0F59F-A6C8-4BFF-880C-38235B3DB5E6}.Debug|Any CPU.Build.0 = Debug|Any CPU
		{E6A0F59F-A6C8-4BFF-880C-38235B3DB5E6}.Release|Any CPU.ActiveCfg = Release|Any CPU
		{E6A0F59F-A6C8-4BFF-880C-38235B3DB5E6}.Release|Any CPU.Build.0 = Release|Any CPU
	EndGlobalSection
	GlobalSection(SolutionProperties) = preSolution
		HideSolutionNode = FALSE
	EndGlobalSection
	GlobalSection(ExtensibilityGlobals) = postSolution
		SolutionGuid = {3E3C4DB8-441B-4C6C-9DB5-3C987653FCD4}
	EndGlobalSection
EndGlobal
